Microsoft Visual Studio Solution File, Format Version 12.00
# Visual Studio Version 17
VisualStudioVersion = 17.5.2.0
MinimumVisualStudioVersion = 10.0.40219.1
Project("{FAE04EC0-301F-11D3-BF4B-00C04F79EFBC}") = "NcStudioTranslate", "NcStudioTranslate\NcStudioTranslate.csproj", "{4E0A1049-F4BA-8670-8F9F-D4F08F0DCC19}"
EndProject
Global
	GlobalSection(SolutionConfigurationPlatforms) = preSolution
		Debug|Any CPU = Debug|Any CPU
		Release|Any CPU = Release|Any CPU
	EndGlobalSection
	GlobalSection(ProjectConfigurationPlatforms) = postSolution
		{4E0A1049-F4BA-8670-8F9F-D4F08F0DCC19}.Debug|Any CPU.ActiveCfg = Debug|Any CPU
		{4E0A1049-F4BA-8670-8F9F-D4F08F0DCC19}.Debug|Any CPU.Build.0 = Debug|Any CPU
		{4E0A1049-F4BA-8670-8F9F-D4F08F0DCC19}.Release|Any CPU.ActiveCfg = Release|Any CPU
		{4E0A1049-F4BA-8670-8F9F-D4F08F0DCC19}.Release|Any CPU.Build.0 = Release|Any CPU
	EndGlobalSection
	GlobalSection(SolutionProperties) = preSolution
		HideSolutionNode = FALSE
	EndGlobalSection
	GlobalSection(ExtensibilityGlobals) = postSolution
		SolutionGuid = {C4B34564-9290-43EA-ACCE-758A165CFB3A}
	EndGlobalSection
EndGlobal
